{
    "_readme": [
        "This file locks the dependencies of your project to a known state",
        "Read more about it at https://getcomposer.org/doc/01-basic-usage.md#composer-lock-the-lock-file",
        "This file is @generated automatically"
    ],
    "content-hash": "e51456237338c752f875b480467db387",
    "packages": [
        {
            "name": "dfridrich/php-mime-type",
            "version": "v2.0.3",
            "source": {
                "type": "git",
                "url": "https://github.com/dfridrich/PhpMimeType.git",
                "reference": "adaefb4a0de58a5c6a9c21c83ef2592e9cd28be7"
            },
            "dist": {
                "type": "zip",
                "url": "https://api.github.com/repos/dfridrich/PhpMimeType/zipball/adaefb4a0de58a5c6a9c21c83ef2592e9cd28be7",
                "reference": "adaefb4a0de58a5c6a9c21c83ef2592e9cd28be7",
                "shasum": ""
            },
            "require": {
                "php": "^5.6|^7.0"
            },
            "require-dev": {
                "phpunit/phpunit": "^4.8|^5.0",
                "symfony/http-foundation": "^2.8 || ^3.0"
            },
            "suggest": {
                "symfony/http-foundation": "Allows you to get prepared Symfony response."
            },
            "type": "library",
            "autoload": {
                "psr-4": {
                    "Defr\\PhpMimeType\\": "src/",
                    "Defr\\": "legacy/"
                }
            },
            "notification-url": "https://packagist.org/downloads/",
            "license": [
                "MIT"
            ],
            "authors": [
                {
                    "name": "Dennis Fridrich",
                    "email": "fridrich.dennis@gmail.com"
                }
            ],
            "description": "Simple PHP class for guessing file mime type based on file extension with ability to use in Symfony project.",
            "homepage": "https://github.com/dfridrich/PhpMimeType",
            "keywords": [
                "mimetype",
                "php"
            ],
            "time": "2018-01-26T11:24:13+00:00"
        },
        {
            "name": "twig/twig",
            "version": "v1.35.3",
            "source": {
                "type": "git",
                "url": "https://github.com/twigphp/Twig.git",
                "reference": "b48680b6eb7d16b5025b9bfc4108d86f6b8af86f"
            },
            "dist": {
                "type": "zip",
                "url": "https://api.github.com/repos/twigphp/Twig/zipball/b48680b6eb7d16b5025b9bfc4108d86f6b8af86f",
                "reference": "b48680b6eb7d16b5025b9bfc4108d86f6b8af86f",
                "shasum": ""
            },
            "require": {
                "php": ">=5.3.3"
            },
            "require-dev": {
                "psr/container": "^1.0",
                "symfony/debug": "^2.7",
                "symfony/phpunit-bridge": "^3.3"
            },
            "type": "library",
            "extra": {
                "branch-alias": {
                    "dev-master": "1.35-dev"
                }
            },
            "autoload": {
                "psr-0": {
                    "Twig_": "lib/"
                },
                "psr-4": {
                    "Twig\\": "src/"
                }
            },
            "notification-url": "https://packagist.org/downloads/",
            "license": [
                "BSD-3-Clause"
            ],
            "authors": [
                {
                    "name": "Fabien Potencier",
                    "email": "fabien@symfony.com",
                    "homepage": "http://fabien.potencier.org",
                    "role": "Lead Developer"
                },
                {
                    "name": "Armin Ronacher",
                    "email": "armin.ronacher@active-4.com",
                    "role": "Project Founder"
                },
                {
                    "name": "Twig Team",
                    "homepage": "http://twig.sensiolabs.org/contributors",
                    "role": "Contributors"
                }
            ],
            "description": "Twig, the flexible, fast, and secure template language for PHP",
            "homepage": "http://twig.sensiolabs.org",
            "keywords": [
                "templating"
            ],
            "time": "2018-03-20T04:25:58+00:00"
        },
        {
            "name": "vakata/image",
            "version": "2.0.0",
            "source": {
                "type": "git",
                "url": "https://github.com/vakata/image.git",
                "reference": "4bf7b80682ed4cef52297cc4cbf79c36659ae14e"
            },
            "dist": {
                "type": "zip",
                "url": "https://api.github.com/repos/vakata/image/zipball/4bf7b80682ed4cef52297cc4cbf79c36659ae14e",
                "reference": "4bf7b80682ed4cef52297cc4cbf79c36659ae14e",
                "shasum": ""
            },
            "require": {
                "php": ">=7.0.0"
            },
            "require-dev": {
                "clean/phpdoc-md": "dev-master",
                "codeclimate/php-test-reporter": "dev-master",
                "phpunit/phpunit": "4.*"
            },
            "type": "library",
            "autoload": {
                "psr-4": {
                    "vakata\\image\\": "src"
                }
            },
            "notification-url": "https://packagist.org/downloads/",
            "license": [
                "MIT"
            ],
            "authors": [
                {
                    "name": "vakata",
                    "email": "github@vakata.com",
                    "homepage": "http://www.vakata.com",
                    "role": "Developer"
                }
            ],
            "description": "Image manipulation helper class",
            "homepage": "https://github.com/vakata/image",
            "keywords": [
                "image",
                "vakata"
            ],
            "time": "2017-01-26T13:56:46+00:00"
        }
    ],
    "packages-dev": [],
    "aliases": [],
    "minimum-stability": "stable",
    "stability-flags": [],
    "prefer-stable": false,
    "prefer-lowest": false,
    "platform": {
        "php": ">=5.4"
    },
    "platform-dev": []
}
